[[package]]
name = "easyhook"
version = "0.1.0"
dependencies = [
 "widestring 0.3.0 (registry+https://github.com/rust-lang/crates.io-index)",
]

[[package]]
name = "widestring"
version = "0.3.0"
source = "registry+https://github.com/rust-lang/crates.io-index"

[metadata]
"checksum widestring 0.3.0 (registry+https://github.com/rust-lang/crates.io-index)" = "a212922ea58fbf5044f83663aa4fc6281ff890f1fd7546c0c3f52f5290831781"
